
Microsoft Visual Studio Solution File, Format Version 12.00
Project("{FAE04EC0-301F-11D3-BF4B-00C04F79EFBC}") = "csharp-getting-started", "csharp-getting-started\csharp-getting-started.csproj", "{D95189A9-F040-4A56-A830-66234BED4222}"
EndProject
Project("{2150E333-8FDC-42A3-9474-1A3956D46DE8}") = "cfullframework", "cfullframework", "{965F3DAC-ABB7-4A67-8AB9-7EC045868313}"
EndProject
Project("{2150E333-8FDC-42A3-9474-1A3956D46DE8}") = "auth", "auth", "{7EAE2072-BF5A-4AC8-B31F-B6B94BB6B368}"
EndProject
Project("{FAE04EC0-301F-11D3-BF4B-00C04F79EFBC}") = "CookieAuth", "auth\CookieAuth\CookieAuth.csproj", "{DBBC2BE5-A13B-446C-998E-97A24C6CC8B2}"
EndProject
Project("{FAE04EC0-301F-11D3-BF4B-00C04F79EFBC}") = "LocalAuth", "auth\LocalAuth\LocalAuth.csproj", "{2DCC95E0-5C13-4C96-814B-20D623704086}"
EndProject
Project("{FAE04EC0-301F-11D3-BF4B-00C04F79EFBC}") = "Test_cs177", "Test_cs177\Test_cs177.csproj", "{D348359A-8613-48D7-B7FC-EDD2D15961D1}"
EndProject
Project("{FAE04EC0-301F-11D3-BF4B-00C04F79EFBC}") = "Company.FunctionApp", "Company.FunctionApp\Company.FunctionApp.csproj", "{0EDE7CBF-E8B4-4AFB-832F-6DA6382609C4}"
EndProject
Global
	GlobalSection(SolutionConfigurationPlatforms) = preSolution
		Debug|Any CPU = Debug|Any CPU
		Release|Any CPU = Release|Any CPU
	EndGlobalSection
	GlobalSection(ProjectConfigurationPlatforms) = postSolution
		{D95189A9-F040-4A56-A830-66234BED4222}.Debug|Any CPU.ActiveCfg = Debug|Any CPU
		{D95189A9-F040-4A56-A830-66234BED4222}.Debug|Any CPU.Build.0 = Debug|Any CPU
		{D95189A9-F040-4A56-A830-66234BED4222}.Release|Any CPU.ActiveCfg = Release|Any CPU
		{D95189A9-F040-4A56-A830-66234BED4222}.Release|Any CPU.Build.0 = Release|Any CPU
		{DBBC2BE5-A13B-446C-998E-97A24C6CC8B2}.Debug|Any CPU.ActiveCfg = Debug|Any CPU
		{DBBC2BE5-A13B-446C-998E-97A24C6CC8B2}.Debug|Any CPU.Build.0 = Debug|Any CPU
		{DBBC2BE5-A13B-446C-998E-97A24C6CC8B2}.Release|Any CPU.ActiveCfg = Release|Any CPU
		{DBBC2BE5-A13B-446C-998E-97A24C6CC8B2}.Release|Any CPU.Build.0 = Release|Any CPU
		{2DCC95E0-5C13-4C96-814B-20D623704086}.Debug|Any CPU.ActiveCfg = Debug|Any CPU
		{2DCC95E0-5C13-4C96-814B-20D623704086}.Debug|Any CPU.Build.0 = Debug|Any CPU
		{2DCC95E0-5C13-4C96-814B-20D623704086}.Release|Any CPU.ActiveCfg = Release|Any CPU
		{2DCC95E0-5C13-4C96-814B-20D623704086}.Release|Any CPU.Build.0 = Release|Any CPU
		{D348359A-8613-48D7-B7FC-EDD2D15961D1}.Debug|Any CPU.ActiveCfg = Debug|Any CPU
		{D348359A-8613-48D7-B7FC-EDD2D15961D1}.Debug|Any CPU.Build.0 = Debug|Any CPU
		{D348359A-8613-48D7-B7FC-EDD2D15961D1}.Release|Any CPU.ActiveCfg = Release|Any CPU
		{D348359A-8613-48D7-B7FC-EDD2D15961D1}.Release|Any CPU.Build.0 = Release|Any CPU
		{0EDE7CBF-E8B4-4AFB-832F-6DA6382609C4}.Debug|Any CPU.ActiveCfg = Debug|Any CPU
		{0EDE7CBF-E8B4-4AFB-832F-6DA6382609C4}.Debug|Any CPU.Build.0 = Debug|Any CPU
		{0EDE7CBF-E8B4-4AFB-832F-6DA6382609C4}.Release|Any CPU.ActiveCfg = Release|Any CPU
		{0EDE7CBF-E8B4-4AFB-832F-6DA6382609C4}.Release|Any CPU.Build.0 = Release|Any CPU
	EndGlobalSection
	GlobalSection(NestedProjects) = preSolution
		{DBBC2BE5-A13B-446C-998E-97A24C6CC8B2} = {7EAE2072-BF5A-4AC8-B31F-B6B94BB6B368}
		{2DCC95E0-5C13-4C96-814B-20D623704086} = {7EAE2072-BF5A-4AC8-B31F-B6B94BB6B368}
	EndGlobalSection
EndGlobal
